
Microsoft Visual Studio Solution File, Format Version 12.00
# Visual Studio 14
VisualStudioVersion = 14.0.25420.1
MinimumVisualStudioVersion = 10.0.40219.1
Project("{E24C65DC-7377-472B-9ABA-BC803B73C61A}") = "ELearning", ".", "{A94C6A37-22F1-4A94-8DBA-AEDCDA5DF155}"
	ProjectSection(WebsiteProperties) = preProject
		TargetFrameworkMoniker = ".NETFramework,Version%3Dv4.0"
		ProjectReferences = "{de4ae054-ffac-4554-aaf4-fecda6b0e860}|BLL.dll;"
		Debug.AspNetCompiler.VirtualPath = "/localhost_59933"
		Debug.AspNetCompiler.PhysicalPath = "..\ELearning\"
		Debug.AspNetCompiler.TargetPath = "PrecompiledWeb\localhost_59933\"
		Debug.AspNetCompiler.Updateable = "true"
		Debug.AspNetCompiler.ForceOverwrite = "true"
		Debug.AspNetCompiler.FixedNames = "false"
		Debug.AspNetCompiler.Debug = "True"
		Release.AspNetCompiler.VirtualPath = "/localhost_59933"
		Release.AspNetCompiler.PhysicalPath = "..\ELearning\"
		Release.AspNetCompiler.TargetPath = "PrecompiledWeb\localhost_59933\"
		Release.AspNetCompiler.Updateable = "true"
		Release.AspNetCompiler.ForceOverwrite = "true"
		Release.AspNetCompiler.FixedNames = "false"
		Release.AspNetCompiler.Debug = "False"
		VWDPort = "59933"
		SlnRelativePath = "..\ELearning\"
	EndProjectSection
EndProject
Project("{FAE04EC0-301F-11D3-BF4B-00C04F79EFBC}") = "BLL", "..\BLL\BLL.csproj", "{DE4AE054-FFAC-4554-AAF4-FECDA6B0E860}"
EndProject
Project("{FAE04EC0-301F-11D3-BF4B-00C04F79EFBC}") = "DAL", "..\DAL\DAL.csproj", "{25FD2CFB-C698-4DF5-8B4A-6922C91B7348}"
EndProject
Global
	GlobalSection(SolutionConfigurationPlatforms) = preSolution
		Debug|Any CPU = Debug|Any CPU
		Release|Any CPU = Release|Any CPU
	EndGlobalSection
	GlobalSection(ProjectConfigurationPlatforms) = postSolution
		{A94C6A37-22F1-4A94-8DBA-AEDCDA5DF155}.Debug|Any CPU.ActiveCfg = Debug|Any CPU
		{A94C6A37-22F1-4A94-8DBA-AEDCDA5DF155}.Debug|Any CPU.Build.0 = Debug|Any CPU
		{A94C6A37-22F1-4A94-8DBA-AEDCDA5DF155}.Release|Any CPU.ActiveCfg = Debug|Any CPU
		{A94C6A37-22F1-4A94-8DBA-AEDCDA5DF155}.Release|Any CPU.Build.0 = Debug|Any CPU
		{DE4AE054-FFAC-4554-AAF4-FECDA6B0E860}.Debug|Any CPU.ActiveCfg = Debug|Any CPU
		{DE4AE054-FFAC-4554-AAF4-FECDA6B0E860}.Debug|Any CPU.Build.0 = Debug|Any CPU
		{DE4AE054-FFAC-4554-AAF4-FECDA6B0E860}.Release|Any CPU.ActiveCfg = Release|Any CPU
		{DE4AE054-FFAC-4554-AAF4-FECDA6B0E860}.Release|Any CPU.Build.0 = Release|Any CPU
		{25FD2CFB-C698-4DF5-8B4A-6922C91B7348}.Debug|Any CPU.ActiveCfg = Debug|Any CPU
		{25FD2CFB-C698-4DF5-8B4A-6922C91B7348}.Debug|Any CPU.Build.0 = Debug|Any CPU
		{25FD2CFB-C698-4DF5-8B4A-6922C91B7348}.Release|Any CPU.ActiveCfg = Release|Any CPU
		{25FD2CFB-C698-4DF5-8B4A-6922C91B7348}.Release|Any CPU.Build.0 = Release|Any CPU
	EndGlobalSection
	GlobalSection(SolutionProperties) = preSolution
		HideSolutionNode = FALSE
	EndGlobalSection
EndGlobal
